
Microsoft Visual Studio Solution File, Format Version 12.00
# Visual Studio Version 16
VisualStudioVersion = 16.0.31112.23
MinimumVisualStudioVersion = 10.0.40219.1
Project("{9A19103F-16F7-4668-BE54-9A1E7A4F7556}") = "TitlebarZ", "TitlebarZ\TitlebarZ.csproj", "{34EE8508-0A61-4058-8CF9-788B40D8F932}"
EndProject
Project("{FAE04EC0-301F-11D3-BF4B-00C04F79EFBC}") = "TitlebarZ.WPF", "TitlebarZ.WPF\TitlebarZ.WPF.csproj", "{58BFCBF1-53F3-474D-A7FA-B8BD187D9B93}"
EndProject
Global
	GlobalSection(SolutionConfigurationPlatforms) = preSolution
		Debug|Any CPU = Debug|Any CPU
		Release|Any CPU = Release|Any CPU
	EndGlobalSection
	GlobalSection(ProjectConfigurationPlatforms) = postSolution
		{34EE8508-0A61-4058-8CF9-788B40D8F932}.Debug|Any CPU.ActiveCfg = Debug|Any CPU
		{34EE8508-0A61-4058-8CF9-788B40D8F932}.Debug|Any CPU.Build.0 = Debug|Any CPU
		{34EE8508-0A61-4058-8CF9-788B40D8F932}.Release|Any CPU.ActiveCfg = Release|Any CPU
		{34EE8508-0A61-4058-8CF9-788B40D8F932}.Release|Any CPU.Build.0 = Release|Any CPU
		{58BFCBF1-53F3-474D-A7FA-B8BD187D9B93}.Debug|Any CPU.ActiveCfg = Debug|Any CPU
		{58BFCBF1-53F3-474D-A7FA-B8BD187D9B93}.Debug|Any CPU.Build.0 = Debug|Any CPU
		{58BFCBF1-53F3-474D-A7FA-B8BD187D9B93}.Release|Any CPU.ActiveCfg = Release|Any CPU
		{58BFCBF1-53F3-474D-A7FA-B8BD187D9B93}.Release|Any CPU.Build.0 = Release|Any CPU
	EndGlobalSection
	GlobalSection(SolutionProperties) = preSolution
		HideSolutionNode = FALSE
	EndGlobalSection
	GlobalSection(ExtensibilityGlobals) = postSolution
		SolutionGuid = {7FFDDA5D-5DFA-4654-AA3B-794C7171C18A}
	EndGlobalSection
EndGlobal
